
// !\$*UTF8*\$!
{
  archiveVersion = 1;
  classes = {
  };
  objectVersion = 55;
  objects = {

/* Begin PBXBuildFile section */
        1 /* ViewController.swift in Sources */ = {isa = PBXBuildFile; fileRef = 1; };
/* End PBXBuildFile section */

/* Begin PBXFileReference section */
        1 /* ViewController.swift */ = {isa = PBXFileReference; lastKnownFileType = sourcecode.swift; path = "ViewController.swift"; sourceTree = "<group>"; };
        2 /* AppDelegate.swift */ = {isa = PBXFileReference; lastKnownFileType = sourcecode.swift; path = "AppDelegate.swift"; sourceTree = "<group>"; };
        3 /* SceneDelegate.swift */ = {isa = PBXFileReference; lastKnownFileType = sourcecode.swift; path = "SceneDelegate.swift"; sourceTree = "<group>"; };
        4 /* Info.plist */ = {isa = PBXFileReference; lastKnownFileType = text.plist.xml; path = "Info.plist"; sourceTree = "<group>"; };
        5 /* LaunchScreen.storyboard */ = {isa = PBXFileReference; lastKnownFileType = file.storyboard; path = "LaunchScreen.storyboard"; sourceTree = "<group>"; };
/* End PBXFileReference section */

/* Begin PBXGroup section */
        mainGroup = { isa = PBXGroup; children = (1,2,3,4,5); path = ""; sourceTree = "<group>"; };
/* End PBXGroup section */

/* Begin PBXNativeTarget section */
        projectTarget = {
            isa = PBXNativeTarget;
            buildConfigurationList = projectTargetBuildConfigList;
            name = "Severance";
            productName = "Severance";
            productType = "com.apple.product-type.application";
            buildPhases = (projectTargetSources,);
        };
/* End PBXNativeTarget section */

/* Begin PBXSourcesBuildPhase section */
        projectTargetSources = {
            isa = PBXSourcesBuildPhase;
            buildActionMask = 2147483647;
            files = (1,);
        };
/* End PBXSourcesBuildPhase section */

/* Begin XCBuildConfiguration section */
        projectTargetRelease = {
            isa = XCBuildConfiguration;
            buildSettings = {
                PRODUCT_BUNDLE_IDENTIFIER = "com.kevin.Severance";
                INFOPLIST_FILE = "Info.plist";
                SWIFT_VERSION = "5.0";
                IPHONEOS_DEPLOYMENT_TARGET = "15.0";
            };
            name = Release;
        };
/* End XCBuildConfiguration section */

/* Begin XCConfigurationList section */
        projectTargetBuildConfigList = {
            isa = XCConfigurationList;
            buildConfigurations = (projectTargetRelease,);
            defaultConfigurationIsVisible = 0;
            defaultConfigurationName = Release;
        };
/* End XCConfigurationList section */

  };
  rootObject = project;
}
